// !$*UTF8*$!
{
	archiveVersion = 1;
	classes = {
	};
	objectVersion = 46;
	objects = {

/* Begin PBXBuildFile section */
		532F66EC17F61A8F6D7919FE /* Pods_Swamphacks.framework in Frameworks */ = {isa = PBXBuildFile; fileRef = 16095FE1F6E0BBFEFC8C267A /* Pods_Swamphacks.framework */; };
		60B520234DF0601E1B4A73AB /* Pods_SwamphacksTests.framework in Frameworks */ = {isa = PBXBuildFile; fileRef = CF24D3B38A92A6D19BEF9A64 /* Pods_SwamphacksTests.framework */; };
		AB0AAD761E1ACDFE00ECBEC2 /* EventViewController.xib in Resources */ = {isa = PBXBuildFile; fileRef = AB0AAD751E1ACDFE00ECBEC2 /* EventViewController.xib */; };
		AB0AAD781E1B4A6200ECBEC2 /* ScheduleViewController.swift in Sources */ = {isa = PBXBuildFile; fileRef = AB0AAD771E1B4A6200ECBEC2 /* ScheduleViewController.swift */; };
		AB0AAD7A1E1C114200ECBEC2 /* SponsorCell.swift in Sources */ = {isa = PBXBuildFile; fileRef = AB0AAD791E1C114200ECBEC2 /* SponsorCell.swift */; };
		AB0AAD7C1E1C114C00ECBEC2 /* SponsorCell.xib in Resources */ = {isa = PBXBuildFile; fileRef = AB0AAD7B1E1C114C00ECBEC2 /* SponsorCell.xib */; };
		AB0AAD7E1E1C144700ECBEC2 /* Sponsor.swift in Sources */ = {isa = PBXBuildFile; fileRef = AB0AAD7D1E1C144700ECBEC2 /* Sponsor.swift */; };
		AB0AAD801E22D01000ECBEC2 /* SponsorViewController.swift in Sources */ = {isa = PBXBuildFile; fileRef = AB0AAD7F1E22D01000ECBEC2 /* SponsorViewController.swift */; };
		AB0AAD821E22D09C00ECBEC2 /* SponsorViewController.xib in Resources */ = {isa = PBXBuildFile; fileRef = AB0AAD811E22D09C00ECBEC2 /* SponsorViewController.xib */; };
		AB0AAD841E25809300ECBEC2 /* LoginViewController.swift in Sources */ = {isa = PBXBuildFile; fileRef = AB0AAD831E25809300ECBEC2 /* LoginViewController.swift */; };
		AB1069AF1E258245000EE882 /* LoginViewController.xib in Resources */ = {isa = PBXBuildFile; fileRef = AB1069AE1E258245000EE882 /* LoginViewController.xib */; };
		AB5F2A6F1E0D7B3000AF875C /* AppDelegate.swift in Sources */ = {isa = PBXBuildFile; fileRef = AB5F2A6E1E0D7B3000AF875C /* AppDelegate.swift */; };
		AB5F2A761E0D7B3000AF875C /* Assets.xcassets in Resources */ = {isa = PBXBuildFile; fileRef = AB5F2A751E0D7B3000AF875C /* Assets.xcassets */; };
		AB5F2A791E0D7B3000AF875C /* LaunchScreen.storyboard in Resources */ = {isa = PBXBuildFile; fileRef = AB5F2A771E0D7B3000AF875C /* LaunchScreen.storyboard */; };
		AB5F2A841E0D7B3100AF875C /* SwamphacksTests.swift in Sources */ = {isa = PBXBuildFile; fileRef = AB5F2A831E0D7B3100AF875C /* SwamphacksTests.swift */; };
		AB5F2A931E0D7FDE00AF875C /* NibLoadable.swift in Sources */ = {isa = PBXBuildFile; fileRef = AB5F2A921E0D7FDE00AF875C /* NibLoadable.swift */; };
		AB5F2A951E0D888E00AF875C /* CellDescriptor.swift in Sources */ = {isa = PBXBuildFile; fileRef = AB5F2A941E0D888E00AF875C /* CellDescriptor.swift */; };
		AB5F2A981E0D89E000AF875C /* Announcement.swift in Sources */ = {isa = PBXBuildFile; fileRef = AB5F2A971E0D89E000AF875C /* Announcement.swift */; };
		AB5F2A9A1E0D8A9900AF875C /* ModelTableViewController.swift in Sources */ = {isa = PBXBuildFile; fileRef = AB5F2A991E0D8A9900AF875C /* ModelTableViewController.swift */; };
		AB5F2A9D1E0EC7BB00AF875C /* AnnouncementCell.xib in Resources */ = {isa = PBXBuildFile; fileRef = AB5F2A9C1E0EC7BB00AF875C /* AnnouncementCell.xib */; };
		AB5F2A9F1E0EC7E600AF875C /* AnnouncementCell.swift in Sources */ = {isa = PBXBuildFile; fileRef = AB5F2A9E1E0EC7E600AF875C /* AnnouncementCell.swift */; };
		AB5F2AA11E102BAE00AF875C /* UIViewController+Conveniences.swift in Sources */ = {isa = PBXBuildFile; fileRef = AB5F2AA01E102BAE00AF875C /* UIViewController+Conveniences.swift */; };
		AB5F2AA31E106E6300AF875C /* Firebase.swift in Sources */ = {isa = PBXBuildFile; fileRef = AB5F2AA21E106E6300AF875C /* Firebase.swift */; };
		AB5F2AA51E10728900AF875C /* GoogleService-Info.plist in Resources */ = {isa = PBXBuildFile; fileRef = AB5F2AA41E10728900AF875C /* GoogleService-Info.plist */; };
		AB5F2AA61E10728900AF875C /* GoogleService-Info.plist in Resources */ = {isa = PBXBuildFile; fileRef = AB5F2AA41E10728900AF875C /* GoogleService-Info.plist */; };
		AB5F2AA81E109E1B00AF875C /* App.swift in Sources */ = {isa = PBXBuildFile; fileRef = AB5F2AA71E109E1B00AF875C /* App.swift */; };
		AB5F2AAA1E10A56300AF875C /* CircularProgressView.swift in Sources */ = {isa = PBXBuildFile; fileRef = AB5F2AA91E10A56300AF875C /* CircularProgressView.swift */; };
		AB5F2AAD1E10B92F00AF875C /* UIColor+AppColors.swift in Sources */ = {isa = PBXBuildFile; fileRef = AB5F2AAC1E10B92F00AF875C /* UIColor+AppColors.swift */; };
		AB5F2AAF1E10BD1300AF875C /* UIView+Conveniences.swift in Sources */ = {isa = PBXBuildFile; fileRef = AB5F2AAE1E10BD1300AF875C /* UIView+Conveniences.swift */; };
		AB5F2AB11E10BDC900AF875C /* ProfileViewController.swift in Sources */ = {isa = PBXBuildFile; fileRef = AB5F2AB01E10BDC900AF875C /* ProfileViewController.swift */; };
		AB5F2AB31E10BDDA00AF875C /* ProfileViewController.xib in Resources */ = {isa = PBXBuildFile; fileRef = AB5F2AB21E10BDDA00AF875C /* ProfileViewController.xib */; };
		AB5F2AB51E14731E00AF875C /* Event.swift in Sources */ = {isa = PBXBuildFile; fileRef = AB5F2AB41E14731E00AF875C /* Event.swift */; };
		AB5F2AB71E14749E00AF875C /* EventCell.swift in Sources */ = {isa = PBXBuildFile; fileRef = AB5F2AB61E14749E00AF875C /* EventCell.swift */; };
		AB5F2AB91E1474BD00AF875C /* EventCell.xib in Resources */ = {isa = PBXBuildFile; fileRef = AB5F2AB81E1474BD00AF875C /* EventCell.xib */; };
		AB5F2ABB1E147E6200AF875C /* CountdownView.xib in Resources */ = {isa = PBXBuildFile; fileRef = AB5F2ABA1E147E6200AF875C /* CountdownView.xib */; };
		AB5F2ABD1E147EFD00AF875C /* CountdownView.swift in Sources */ = {isa = PBXBuildFile; fileRef = AB5F2ABC1E147EFD00AF875C /* CountdownView.swift */; };
		AB5F2ABF1E15ACC300AF875C /* ScanViewController.swift in Sources */ = {isa = PBXBuildFile; fileRef = AB5F2ABE1E15ACC300AF875C /* ScanViewController.swift */; };
		AB6148631E26F9BD002C7008 /* UserInfo.swift in Sources */ = {isa = PBXBuildFile; fileRef = AB6148621E26F9BD002C7008 /* UserInfo.swift */; };
		AB6148651E27036A002C7008 /* QRGenerator.swift in Sources */ = {isa = PBXBuildFile; fileRef = AB6148641E27036A002C7008 /* QRGenerator.swift */; };
		AB6148671E2703AD002C7008 /* CoreImage.framework in Frameworks */ = {isa = PBXBuildFile; fileRef = AB6148661E2703AD002C7008 /* CoreImage.framework */; };
		ABA4A6FA1E299343005CD9CA /* SponsorView.swift in Sources */ = {isa = PBXBuildFile; fileRef = ABA4A6F91E299343005CD9CA /* SponsorView.swift */; };
		ABA4A6FC1E29934F005CD9CA /* SponsorView.xib in Resources */ = {isa = PBXBuildFile; fileRef = ABA4A6FB1E29934F005CD9CA /* SponsorView.xib */; };
		ABA4A6FE1E299C67005CD9CA /* RepCell.swift in Sources */ = {isa = PBXBuildFile; fileRef = ABA4A6FD1E299C67005CD9CA /* RepCell.swift */; };
		ABA4A7001E299C72005CD9CA /* RepCell.xib in Resources */ = {isa = PBXBuildFile; fileRef = ABA4A6FF1E299C72005CD9CA /* RepCell.xib */; };
		ABD68E0A1E1738FB00833333 /* Builders.swift in Sources */ = {isa = PBXBuildFile; fileRef = ABD68E091E1738FB00833333 /* Builders.swift */; };
		ABD68E0C1E18450400833333 /* EventViewController.swift in Sources */ = {isa = PBXBuildFile; fileRef = ABD68E0B1E18450400833333 /* EventViewController.swift */; };
/* End PBXBuildFile section */

/* Begin PBXContainerItemProxy section */
		AB5F2A801E0D7B3100AF875C /* PBXContainerItemProxy */ = {
			isa = PBXContainerItemProxy;
			containerPortal = AB5F2A631E0D7B3000AF875C /* Project object */;
			proxyType = 1;
			remoteGlobalIDString = AB5F2A6A1E0D7B3000AF875C;
			remoteInfo = Swamphacks;
		};
/* End PBXContainerItemProxy section */

/* Begin PBXFileReference section */
		16095FE1F6E0BBFEFC8C267A /* Pods_Swamphacks.framework */ = {isa = PBXFileReference; explicitFileType = wrapper.framework; includeInIndex = 0; path = Pods_Swamphacks.framework; sourceTree = BUILT_PRODUCTS_DIR; };
		2D60451B04BD67EA4D9CC3C0 /* Pods-SwamphacksTests.release.xcconfig */ = {isa = PBXFileReference; includeInIndex = 1; lastKnownFileType = text.xcconfig; name = "Pods-SwamphacksTests.release.xcconfig"; path = "Pods/Target Support Files/Pods-SwamphacksTests/Pods-SwamphacksTests.release.xcconfig"; sourceTree = "<group>"; };
		35D70BA879A2D402F0976A57 /* Pods-SwamphacksTests.debug.xcconfig */ = {isa = PBXFileReference; includeInIndex = 1; lastKnownFileType = text.xcconfig; name = "Pods-SwamphacksTests.debug.xcconfig"; path = "Pods/Target Support Files/Pods-SwamphacksTests/Pods-SwamphacksTests.debug.xcconfig"; sourceTree = "<group>"; };
		60A965A9164B026841F52940 /* Pods-Swamphacks.debug.xcconfig */ = {isa = PBXFileReference; includeInIndex = 1; lastKnownFileType = text.xcconfig; name = "Pods-Swamphacks.debug.xcconfig"; path = "Pods/Target Support Files/Pods-Swamphacks/Pods-Swamphacks.debug.xcconfig"; sourceTree = "<group>"; };
		6D245F24CA276536977095C0 /* Pods-Swamphacks.release.xcconfig */ = {isa = PBXFileReference; includeInIndex = 1; lastKnownFileType = text.xcconfig; name = "Pods-Swamphacks.release.xcconfig"; path = "Pods/Target Support Files/Pods-Swamphacks/Pods-Swamphacks.release.xcconfig"; sourceTree = "<group>"; };
		AB0AAD751E1ACDFE00ECBEC2 /* EventViewController.xib */ = {isa = PBXFileReference; fileEncoding = 4; lastKnownFileType = file.xib; path = EventViewController.xib; sourceTree = "<group>"; };
		AB0AAD771E1B4A6200ECBEC2 /* ScheduleViewController.swift */ = {isa = PBXFileReference; fileEncoding = 4; lastKnownFileType = sourcecode.swift; path = ScheduleViewController.swift; sourceTree = "<group>"; };
		AB0AAD791E1C114200ECBEC2 /* SponsorCell.swift */ = {isa = PBXFileReference; fileEncoding = 4; lastKnownFileType = sourcecode.swift; path = SponsorCell.swift; sourceTree = "<group>"; };
		AB0AAD7B1E1C114C00ECBEC2 /* SponsorCell.xib */ = {isa = PBXFileReference; fileEncoding = 4; lastKnownFileType = file.xib; path = SponsorCell.xib; sourceTree = "<group>"; };
		AB0AAD7D1E1C144700ECBEC2 /* Sponsor.swift */ = {isa = PBXFileReference; fileEncoding = 4; lastKnownFileType = sourcecode.swift; path = Sponsor.swift; sourceTree = "<group>"; };
		AB0AAD7F1E22D01000ECBEC2 /* SponsorViewController.swift */ = {isa = PBXFileReference; fileEncoding = 4; lastKnownFileType = sourcecode.swift; path = SponsorViewController.swift; sourceTree = "<group>"; };
		AB0AAD811E22D09C00ECBEC2 /* SponsorViewController.xib */ = {isa = PBXFileReference; fileEncoding = 4; lastKnownFileType = file.xib; path = SponsorViewController.xib; sourceTree = "<group>"; };
		AB0AAD831E25809300ECBEC2 /* LoginViewController.swift */ = {isa = PBXFileReference; fileEncoding = 4; lastKnownFileType = sourcecode.swift; path = LoginViewController.swift; sourceTree = "<group>"; };
		AB1069AE1E258245000EE882 /* LoginViewController.xib */ = {isa = PBXFileReference; fileEncoding = 4; lastKnownFileType = file.xib; path = LoginViewController.xib; sourceTree = "<group>"; };
		AB5F2A6B1E0D7B3000AF875C /* Swamphacks.app */ = {isa = PBXFileReference; explicitFileType = wrapper.application; includeInIndex = 0; path = Swamphacks.app; sourceTree = BUILT_PRODUCTS_DIR; };
		AB5F2A6E1E0D7B3000AF875C /* AppDelegate.swift */ = {isa = PBXFileReference; lastKnownFileType = sourcecode.swift; path = AppDelegate.swift; sourceTree = "<group>"; };
		AB5F2A751E0D7B3000AF875C /* Assets.xcassets */ = {isa = PBXFileReference; lastKnownFileType = folder.assetcatalog; path = Assets.xcassets; sourceTree = "<group>"; };
		AB5F2A781E0D7B3000AF875C /* Base */ = {isa = PBXFileReference; lastKnownFileType = file.storyboard; name = Base; path = Base.lproj/LaunchScreen.storyboard; sourceTree = "<group>"; };
		AB5F2A7A1E0D7B3000AF875C /* Info.plist */ = {isa = PBXFileReference; lastKnownFileType = text.plist.xml; path = Info.plist; sourceTree = "<group>"; };
		AB5F2A7F1E0D7B3100AF875C /* SwamphacksTests.xctest */ = {isa = PBXFileReference; explicitFileType = wrapper.cfbundle; includeInIndex = 0; path = SwamphacksTests.xctest; sourceTree = BUILT_PRODUCTS_DIR; };
		AB5F2A831E0D7B3100AF875C /* SwamphacksTests.swift */ = {isa = PBXFileReference; lastKnownFileType = sourcecode.swift; path = SwamphacksTests.swift; sourceTree = "<group>"; };
		AB5F2A851E0D7B3100AF875C /* Info.plist */ = {isa = PBXFileReference; lastKnownFileType = text.plist.xml; path = Info.plist; sourceTree = "<group>"; };
		AB5F2A921E0D7FDE00AF875C /* NibLoadable.swift */ = {isa = PBXFileReference; fileEncoding = 4; lastKnownFileType = sourcecode.swift; path = NibLoadable.swift; sourceTree = "<group>"; };
		AB5F2A941E0D888E00AF875C /* CellDescriptor.swift */ = {isa = PBXFileReference; fileEncoding = 4; lastKnownFileType = sourcecode.swift; path = CellDescriptor.swift; sourceTree = "<group>"; };
		AB5F2A971E0D89E000AF875C /* Announcement.swift */ = {isa = PBXFileReference; fileEncoding = 4; lastKnownFileType = sourcecode.swift; path = Announcement.swift; sourceTree = "<group>"; };
		AB5F2A991E0D8A9900AF875C /* ModelTableViewController.swift */ = {isa = PBXFileReference; fileEncoding = 4; lastKnownFileType = sourcecode.swift; path = ModelTableViewController.swift; sourceTree = "<group>"; };
		AB5F2A9C1E0EC7BB00AF875C /* AnnouncementCell.xib */ = {isa = PBXFileReference; fileEncoding = 4; lastKnownFileType = file.xib; path = AnnouncementCell.xib; sourceTree = "<group>"; };
		AB5F2A9E1E0EC7E600AF875C /* AnnouncementCell.swift */ = {isa = PBXFileReference; fileEncoding = 4; lastKnownFileType = sourcecode.swift; path = AnnouncementCell.swift; sourceTree = "<group>"; };
		AB5F2AA01E102BAE00AF875C /* UIViewController+Conveniences.swift */ = {isa = PBXFileReference; fileEncoding = 4; lastKnownFileType = sourcecode.swift; path = "UIViewController+Conveniences.swift"; sourceTree = "<group>"; };
		AB5F2AA21E106E6300AF875C /* Firebase.swift */ = {isa = PBXFileReference; fileEncoding = 4; lastKnownFileType = sourcecode.swift; path = Firebase.swift; sourceTree = "<group>"; };
		AB5F2AA41E10728900AF875C /* GoogleService-Info.plist */ = {isa = PBXFileReference; fileEncoding = 4; lastKnownFileType = text.plist.xml; path = "GoogleService-Info.plist"; sourceTree = "<group>"; };
		AB5F2AA71E109E1B00AF875C /* App.swift */ = {isa = PBXFileReference; fileEncoding = 4; lastKnownFileType = sourcecode.swift; path = App.swift; sourceTree = "<group>"; };
		AB5F2AA91E10A56300AF875C /* CircularProgressView.swift */ = {isa = PBXFileReference; fileEncoding = 4; lastKnownFileType = sourcecode.swift; path = CircularProgressView.swift; sourceTree = "<group>"; };
		AB5F2AAC1E10B92F00AF875C /* UIColor+AppColors.swift */ = {isa = PBXFileReference; fileEncoding = 4; lastKnownFileType = sourcecode.swift; path = "UIColor+AppColors.swift"; sourceTree = "<group>"; };
		AB5F2AAE1E10BD1300AF875C /* UIView+Conveniences.swift */ = {isa = PBXFileReference; fileEncoding = 4; lastKnownFileType = sourcecode.swift; path = "UIView+Conveniences.swift"; sourceTree = "<group>"; };
		AB5F2AB01E10BDC900AF875C /* ProfileViewController.swift */ = {isa = PBXFileReference; fileEncoding = 4; lastKnownFileType = sourcecode.swift; path = ProfileViewController.swift; sourceTree = "<group>"; };
		AB5F2AB21E10BDDA00AF875C /* ProfileViewController.xib */ = {isa = PBXFileReference; fileEncoding = 4; lastKnownFileType = file.xib; path = ProfileViewController.xib; sourceTree = "<group>"; };
		AB5F2AB41E14731E00AF875C /* Event.swift */ = {isa = PBXFileReference; fileEncoding = 4; lastKnownFileType = sourcecode.swift; path = Event.swift; sourceTree = "<group>"; };
		AB5F2AB61E14749E00AF875C /* EventCell.swift */ = {isa = PBXFileReference; fileEncoding = 4; lastKnownFileType = sourcecode.swift; path = EventCell.swift; sourceTree = "<group>"; };
		AB5F2AB81E1474BD00AF875C /* EventCell.xib */ = {isa = PBXFileReference; fileEncoding = 4; lastKnownFileType = file.xib; path = EventCell.xib; sourceTree = "<group>"; };
		AB5F2ABA1E147E6200AF875C /* CountdownView.xib */ = {isa = PBXFileReference; fileEncoding = 4; lastKnownFileType = file.xib; path = CountdownView.xib; sourceTree = "<group>"; };
		AB5F2ABC1E147EFD00AF875C /* CountdownView.swift */ = {isa = PBXFileReference; fileEncoding = 4; lastKnownFileType = sourcecode.swift; path = CountdownView.swift; sourceTree = "<group>"; };
		AB5F2ABE1E15ACC300AF875C /* ScanViewController.swift */ = {isa = PBXFileReference; fileEncoding = 4; lastKnownFileType = sourcecode.swift; path = ScanViewController.swift; sourceTree = "<group>"; };
		AB6148621E26F9BD002C7008 /* UserInfo.swift */ = {isa = PBXFileReference; fileEncoding = 4; lastKnownFileType = sourcecode.swift; path = UserInfo.swift; sourceTree = "<group>"; };
		AB6148641E27036A002C7008 /* QRGenerator.swift */ = {isa = PBXFileReference; fileEncoding = 4; lastKnownFileType = sourcecode.swift; path = QRGenerator.swift; sourceTree = "<group>"; };
		AB6148661E2703AD002C7008 /* CoreImage.framework */ = {isa = PBXFileReference; lastKnownFileType = wrapper.framework; name = CoreImage.framework; path = System/Library/Frameworks/CoreImage.framework; sourceTree = SDKROOT; };
		ABA4A6F91E299343005CD9CA /* SponsorView.swift */ = {isa = PBXFileReference; fileEncoding = 4; lastKnownFileType = sourcecode.swift; path = SponsorView.swift; sourceTree = "<group>"; };
		ABA4A6FB1E29934F005CD9CA /* SponsorView.xib */ = {isa = PBXFileReference; fileEncoding = 4; lastKnownFileType = file.xib; path = SponsorView.xib; sourceTree = "<group>"; };
		ABA4A6FD1E299C67005CD9CA /* RepCell.swift */ = {isa = PBXFileReference; fileEncoding = 4; lastKnownFileType = sourcecode.swift; path = RepCell.swift; sourceTree = "<group>"; };
		ABA4A6FF1E299C72005CD9CA /* RepCell.xib */ = {isa = PBXFileReference; fileEncoding = 4; lastKnownFileType = file.xib; path = RepCell.xib; sourceTree = "<group>"; };
		ABD68E091E1738FB00833333 /* Builders.swift */ = {isa = PBXFileReference; fileEncoding = 4; lastKnownFileType = sourcecode.swift; path = Builders.swift; sourceTree = "<group>"; };
		ABD68E0B1E18450400833333 /* EventViewController.swift */ = {isa = PBXFileReference; fileEncoding = 4; lastKnownFileType = sourcecode.swift; path = EventViewController.swift; sourceTree = "<group>"; };
		CF24D3B38A92A6D19BEF9A64 /* Pods_SwamphacksTests.framework */ = {isa = PBXFileReference; explicitFileType = wrapper.framework; includeInIndex = 0; path = Pods_SwamphacksTests.framework; sourceTree = BUILT_PRODUCTS_DIR; };
/* End PBXFileReference section */

/* Begin PBXFrameworksBuildPhase section */
		AB5F2A681E0D7B3000AF875C /* Frameworks */ = {
			isa = PBXFrameworksBuildPhase;
			buildActionMask = 2147483647;
			files = (
				AB6148671E2703AD002C7008 /* CoreImage.framework in Frameworks */,
				532F66EC17F61A8F6D7919FE /* Pods_Swamphacks.framework in Frameworks */,
			);
			runOnlyForDeploymentPostprocessing = 0;
		};
		AB5F2A7C1E0D7B3100AF875C /* Frameworks */ = {
			isa = PBXFrameworksBuildPhase;
			buildActionMask = 2147483647;
			files = (
				60B520234DF0601E1B4A73AB /* Pods_SwamphacksTests.framework in Frameworks */,
			);
			runOnlyForDeploymentPostprocessing = 0;
		};
/* End PBXFrameworksBuildPhase section */

/* Begin PBXGroup section */
		0AD746AA41631775A005BE19 /* Frameworks */ = {
			isa = PBXGroup;
			children = (
				AB6148661E2703AD002C7008 /* CoreImage.framework */,
				16095FE1F6E0BBFEFC8C267A /* Pods_Swamphacks.framework */,
				CF24D3B38A92A6D19BEF9A64 /* Pods_SwamphacksTests.framework */,
			);
			name = Frameworks;
			sourceTree = "<group>";
		};
		AB5F2A621E0D7B3000AF875C = {
			isa = PBXGroup;
			children = (
				AB5F2A6D1E0D7B3000AF875C /* Swamphacks */,
				AB5F2A821E0D7B3100AF875C /* SwamphacksTests */,
				AB5F2A6C1E0D7B3000AF875C /* Products */,
				F8640BAD7A39425752B6E378 /* Pods */,
				0AD746AA41631775A005BE19 /* Frameworks */,
			);
			sourceTree = "<group>";
		};
		AB5F2A6C1E0D7B3000AF875C /* Products */ = {
			isa = PBXGroup;
			children = (
				AB5F2A6B1E0D7B3000AF875C /* Swamphacks.app */,
				AB5F2A7F1E0D7B3100AF875C /* SwamphacksTests.xctest */,
			);
			name = Products;
			sourceTree = "<group>";
		};
		AB5F2A6D1E0D7B3000AF875C /* Swamphacks */ = {
			isa = PBXGroup;
			children = (
				AB5F2A771E0D7B3000AF875C /* LaunchScreen.storyboard */,
				AB5F2A751E0D7B3000AF875C /* Assets.xcassets */,
				AB5F2A7A1E0D7B3000AF875C /* Info.plist */,
				AB5F2AA41E10728900AF875C /* GoogleService-Info.plist */,
				AB5F2A6E1E0D7B3000AF875C /* AppDelegate.swift */,
				AB5F2A911E0D7FCE00AF875C /* Utilities */,
				AB5F2A961E0D89CC00AF875C /* Models */,
				AB5F2A9B1E0EC78700AF875C /* Views */,
				AB5F2A8E1E0D7D7F00AF875C /* Controllers */,
			);
			path = Swamphacks;
			sourceTree = "<group>";
		};
		AB5F2A821E0D7B3100AF875C /* SwamphacksTests */ = {
			isa = PBXGroup;
			children = (
				AB5F2A831E0D7B3100AF875C /* SwamphacksTests.swift */,
				AB5F2A851E0D7B3100AF875C /* Info.plist */,
			);
			path = SwamphacksTests;
			sourceTree = "<group>";
		};
		AB5F2A8E1E0D7D7F00AF875C /* Controllers */ = {
			isa = PBXGroup;
			children = (
				AB5F2AA71E109E1B00AF875C /* App.swift */,
				ABD68E091E1738FB00833333 /* Builders.swift */,
				AB5F2A991E0D8A9900AF875C /* ModelTableViewController.swift */,
				AB5F2AB21E10BDDA00AF875C /* ProfileViewController.xib */,
				AB5F2AB01E10BDC900AF875C /* ProfileViewController.swift */,
				AB5F2ABE1E15ACC300AF875C /* ScanViewController.swift */,
				AB0AAD751E1ACDFE00ECBEC2 /* EventViewController.xib */,
				ABD68E0B1E18450400833333 /* EventViewController.swift */,
				AB0AAD811E22D09C00ECBEC2 /* SponsorViewController.xib */,
				AB0AAD7F1E22D01000ECBEC2 /* SponsorViewController.swift */,
				AB0AAD771E1B4A6200ECBEC2 /* ScheduleViewController.swift */,
				AB1069AE1E258245000EE882 /* LoginViewController.xib */,
				AB0AAD831E25809300ECBEC2 /* LoginViewController.swift */,
			);
			name = Controllers;
			sourceTree = "<group>";
		};
		AB5F2A911E0D7FCE00AF875C /* Utilities */ = {
			isa = PBXGroup;
			children = (
				AB5F2A921E0D7FDE00AF875C /* NibLoadable.swift */,
				AB5F2A941E0D888E00AF875C /* CellDescriptor.swift */,
				AB5F2AA01E102BAE00AF875C /* UIViewController+Conveniences.swift */,
				AB5F2AAC1E10B92F00AF875C /* UIColor+AppColors.swift */,
				AB5F2AAE1E10BD1300AF875C /* UIView+Conveniences.swift */,
				AB6148641E27036A002C7008 /* QRGenerator.swift */,
			);
			name = Utilities;
			sourceTree = "<group>";
		};
		AB5F2A961E0D89CC00AF875C /* Models */ = {
			isa = PBXGroup;
			children = (
				AB5F2AA21E106E6300AF875C /* Firebase.swift */,
				AB5F2A971E0D89E000AF875C /* Announcement.swift */,
				AB5F2AB41E14731E00AF875C /* Event.swift */,
				AB0AAD7D1E1C144700ECBEC2 /* Sponsor.swift */,
				AB6148621E26F9BD002C7008 /* UserInfo.swift */,
			);
			name = Models;
			sourceTree = "<group>";
		};
		AB5F2A9B1E0EC78700AF875C /* Views */ = {
			isa = PBXGroup;
			children = (
				AB5F2AA91E10A56300AF875C /* CircularProgressView.swift */,
				AB5F2ABA1E147E6200AF875C /* CountdownView.xib */,
				AB5F2ABC1E147EFD00AF875C /* CountdownView.swift */,
				ABA4A6FB1E29934F005CD9CA /* SponsorView.xib */,
				ABA4A6F91E299343005CD9CA /* SponsorView.swift */,
				AB5F2A9C1E0EC7BB00AF875C /* AnnouncementCell.xib */,
				AB5F2A9E1E0EC7E600AF875C /* AnnouncementCell.swift */,
				AB5F2AB81E1474BD00AF875C /* EventCell.xib */,
				AB5F2AB61E14749E00AF875C /* EventCell.swift */,
				AB0AAD7B1E1C114C00ECBEC2 /* SponsorCell.xib */,
				AB0AAD791E1C114200ECBEC2 /* SponsorCell.swift */,
				ABA4A6FF1E299C72005CD9CA /* RepCell.xib */,
				ABA4A6FD1E299C67005CD9CA /* RepCell.swift */,
			);
			name = Views;
			sourceTree = "<group>";
		};
		F8640BAD7A39425752B6E378 /* Pods */ = {
			isa = PBXGroup;
			children = (
				60A965A9164B026841F52940 /* Pods-Swamphacks.debug.xcconfig */,
				6D245F24CA276536977095C0 /* Pods-Swamphacks.release.xcconfig */,
				35D70BA879A2D402F0976A57 /* Pods-SwamphacksTests.debug.xcconfig */,
				2D60451B04BD67EA4D9CC3C0 /* Pods-SwamphacksTests.release.xcconfig */,
			);
			name = Pods;
			sourceTree = "<group>";
		};
/* End PBXGroup section */

/* Begin PBXNativeTarget section */
		AB5F2A6A1E0D7B3000AF875C /* Swamphacks */ = {
			isa = PBXNativeTarget;
			buildConfigurationList = AB5F2A881E0D7B3100AF875C /* Build configuration list for PBXNativeTarget "Swamphacks" */;
			buildPhases = (
				3CE7702E4B465BA6F435C31C /* [CP] Check Pods Manifest.lock */,
				AB5F2A671E0D7B3000AF875C /* Sources */,
				AB5F2A681E0D7B3000AF875C /* Frameworks */,
				AB5F2A691E0D7B3000AF875C /* Resources */,
				E2F9E7E795A897059F74C4C6 /* [CP] Embed Pods Frameworks */,
				42BCA2E8BCFF9430CC59B53D /* [CP] Copy Pods Resources */,
			);
			buildRules = (
			);
			dependencies = (
			);
			name = Swamphacks;
			productName = Swamphacks;
			productReference = AB5F2A6B1E0D7B3000AF875C /* Swamphacks.app */;
			productType = "com.apple.product-type.application";
		};
		AB5F2A7E1E0D7B3100AF875C /* SwamphacksTests */ = {
			isa = PBXNativeTarget;
			buildConfigurationList = AB5F2A8B1E0D7B3100AF875C /* Build configuration list for PBXNativeTarget "SwamphacksTests" */;
			buildPhases = (
				163EB83443628C7450BB23E9 /* [CP] Check Pods Manifest.lock */,
				AB5F2A7B1E0D7B3100AF875C /* Sources */,
				AB5F2A7C1E0D7B3100AF875C /* Frameworks */,
				AB5F2A7D1E0D7B3100AF875C /* Resources */,
				65AE03E6505CAB6337254735 /* [CP] Embed Pods Frameworks */,
				2F597D5D0C4602A485BC0180 /* [CP] Copy Pods Resources */,
			);
			buildRules = (
			);
			dependencies = (
				AB5F2A811E0D7B3100AF875C /* PBXTargetDependency */,
			);
			name = SwamphacksTests;
			productName = SwamphacksTests;
			productReference = AB5F2A7F1E0D7B3100AF875C /* SwamphacksTests.xctest */;
			productType = "com.apple.product-type.bundle.unit-test";
		};
/* End PBXNativeTarget section */

/* Begin PBXProject section */
		AB5F2A631E0D7B3000AF875C /* Project object */ = {
			isa = PBXProject;
			attributes = {
				LastSwiftUpdateCheck = 0800;
				LastUpgradeCheck = 0820;
				ORGANIZATIONNAME = "Gonzalo Nunez";
				TargetAttributes = {
					AB5F2A6A1E0D7B3000AF875C = {
						CreatedOnToolsVersion = 8.0;
						DevelopmentTeam = BG3Y5KSHNC;
						LastSwiftMigration = 0800;
						ProvisioningStyle = Automatic;
					};
					AB5F2A7E1E0D7B3100AF875C = {
						CreatedOnToolsVersion = 8.0;
						DevelopmentTeam = BG3Y5KSHNC;
						ProvisioningStyle = Automatic;
						TestTargetID = AB5F2A6A1E0D7B3000AF875C;
					};
				};
			};
			buildConfigurationList = AB5F2A661E0D7B3000AF875C /* Build configuration list for PBXProject "Swamphacks" */;
			compatibilityVersion = "Xcode 3.2";
			developmentRegion = English;
			hasScannedForEncodings = 0;
			knownRegions = (
				en,
				Base,
			);
			mainGroup = AB5F2A621E0D7B3000AF875C;
			productRefGroup = AB5F2A6C1E0D7B3000AF875C /* Products */;
			projectDirPath = "";
			projectRoot = "";
			targets = (
				AB5F2A6A1E0D7B3000AF875C /* Swamphacks */,
				AB5F2A7E1E0D7B3100AF875C /* SwamphacksTests */,
			);
		};
/* End PBXProject section */

/* Begin PBXResourcesBuildPhase section */
		AB5F2A691E0D7B3000AF875C /* Resources */ = {
			isa = PBXResourcesBuildPhase;
			buildActionMask = 2147483647;
			files = (
				AB5F2ABB1E147E6200AF875C /* CountdownView.xib in Resources */,
				AB0AAD761E1ACDFE00ECBEC2 /* EventViewController.xib in Resources */,
				ABA4A7001E299C72005CD9CA /* RepCell.xib in Resources */,
				AB1069AF1E258245000EE882 /* LoginViewController.xib in Resources */,
				ABA4A6FC1E29934F005CD9CA /* SponsorView.xib in Resources */,
				AB5F2AB31E10BDDA00AF875C /* ProfileViewController.xib in Resources */,
				AB0AAD821E22D09C00ECBEC2 /* SponsorViewController.xib in Resources */,
				AB5F2A9D1E0EC7BB00AF875C /* AnnouncementCell.xib in Resources */,
				AB0AAD7C1E1C114C00ECBEC2 /* SponsorCell.xib in Resources */,
				AB5F2A791E0D7B3000AF875C /* LaunchScreen.storyboard in Resources */,
				AB5F2AA51E10728900AF875C /* GoogleService-Info.plist in Resources */,
				AB5F2AB91E1474BD00AF875C /* EventCell.xib in Resources */,
				AB5F2A761E0D7B3000AF875C /* Assets.xcassets in Resources */,
			);
			runOnlyForDeploymentPostprocessing = 0;
		};
		AB5F2A7D1E0D7B3100AF875C /* Resources */ = {
			isa = PBXResourcesBuildPhase;
			buildActionMask = 2147483647;
			files = (
				AB5F2AA61E10728900AF875C /* GoogleService-Info.plist in Resources */,
			);
			runOnlyForDeploymentPostprocessing = 0;
		};
/* End PBXResourcesBuildPhase section */

/* Begin PBXShellScriptBuildPhase section */
		163EB83443628C7450BB23E9 /* [CP] Check Pods Manifest.lock */ = {
			isa = PBXShellScriptBuildPhase;
			buildActionMask = 2147483647;
			files = (
			);
			inputPaths = (
			);
			name = "[CP] Check Pods Manifest.lock";
			outputPaths = (
			);
			runOnlyForDeploymentPostprocessing = 0;
			shellPath = /bin/sh;
			shellScript = "diff \"${PODS_ROOT}/../Podfile.lock\" \"${PODS_ROOT}/Manifest.lock\" > /dev/null\nif [ $? != 0 ] ; then\n    # print error to STDERR\n    echo \"error: The sandbox is not in sync with the Podfile.lock. Run 'pod install' or update your CocoaPods installation.\" >&2\n    exit 1\nfi\n";
			showEnvVarsInLog = 0;
		};
		2F597D5D0C4602A485BC0180 /* [CP] Copy Pods Resources */ = {
			isa = PBXShellScriptBuildPhase;
			buildActionMask = 2147483647;
			files = (
			);
			inputPaths = (
			);
			name = "[CP] Copy Pods Resources";
			outputPaths = (
			);
			runOnlyForDeploymentPostprocessing = 0;
			shellPath = /bin/sh;
			shellScript = "\"${SRCROOT}/Pods/Target Support Files/Pods-SwamphacksTests/Pods-SwamphacksTests-resources.sh\"\n";
			showEnvVarsInLog = 0;
		};
		3CE7702E4B465BA6F435C31C /* [CP] Check Pods Manifest.lock */ = {
			isa = PBXShellScriptBuildPhase;
			buildActionMask = 2147483647;
			files = (
			);
			inputPaths = (
			);
			name = "[CP] Check Pods Manifest.lock";
			outputPaths = (
			);
			runOnlyForDeploymentPostprocessing = 0;
			shellPath = /bin/sh;
			shellScript = "diff \"${PODS_ROOT}/../Podfile.lock\" \"${PODS_ROOT}/Manifest.lock\" > /dev/null\nif [ $? != 0 ] ; then\n    # print error to STDERR\n    echo \"error: The sandbox is not in sync with the Podfile.lock. Run 'pod install' or update your CocoaPods installation.\" >&2\n    exit 1\nfi\n";
			showEnvVarsInLog = 0;
		};
		42BCA2E8BCFF9430CC59B53D /* [CP] Copy Pods Resources */ = {
			isa = PBXShellScriptBuildPhase;
			buildActionMask = 2147483647;
			files = (
			);
			inputPaths = (
			);
			name = "[CP] Copy Pods Resources";
			outputPaths = (
			);
			runOnlyForDeploymentPostprocessing = 0;
			shellPath = /bin/sh;
			shellScript = "\"${SRCROOT}/Pods/Target Support Files/Pods-Swamphacks/Pods-Swamphacks-resources.sh\"\n";
			showEnvVarsInLog = 0;
		};
		65AE03E6505CAB6337254735 /* [CP] Embed Pods Frameworks */ = {
			isa = PBXShellScriptBuildPhase;
			buildActionMask = 2147483647;
			files = (
			);
			inputPaths = (
			);
			name = "[CP] Embed Pods Frameworks";
			outputPaths = (
			);
			runOnlyForDeploymentPostprocessing = 0;
			shellPath = /bin/sh;
			shellScript = "\"${SRCROOT}/Pods/Target Support Files/Pods-SwamphacksTests/Pods-SwamphacksTests-frameworks.sh\"\n";
			showEnvVarsInLog = 0;
		};
		E2F9E7E795A897059F74C4C6 /* [CP] Embed Pods Frameworks */ = {
			isa = PBXShellScriptBuildPhase;
			buildActionMask = 2147483647;
			files = (
			);
			inputPaths = (
			);
			name = "[CP] Embed Pods Frameworks";
			outputPaths = (
			);
			runOnlyForDeploymentPostprocessing = 0;
			shellPath = /bin/sh;
			shellScript = "\"${SRCROOT}/Pods/Target Support Files/Pods-Swamphacks/Pods-Swamphacks-frameworks.sh\"\n";
			showEnvVarsInLog = 0;
		};
/* End PBXShellScriptBuildPhase section */

/* Begin PBXSourcesBuildPhase section */
		AB5F2A671E0D7B3000AF875C /* Sources */ = {
			isa = PBXSourcesBuildPhase;
			buildActionMask = 2147483647;
			files = (
				AB0AAD781E1B4A6200ECBEC2 /* ScheduleViewController.swift in Sources */,
				AB0AAD801E22D01000ECBEC2 /* SponsorViewController.swift in Sources */,
				AB5F2A931E0D7FDE00AF875C /* NibLoadable.swift in Sources */,
				ABA4A6FE1E299C67005CD9CA /* RepCell.swift in Sources */,
				AB6148631E26F9BD002C7008 /* UserInfo.swift in Sources */,
				AB5F2A9F1E0EC7E600AF875C /* AnnouncementCell.swift in Sources */,
				ABA4A6FA1E299343005CD9CA /* SponsorView.swift in Sources */,
				AB5F2A9A1E0D8A9900AF875C /* ModelTableViewController.swift in Sources */,
				AB5F2AA81E109E1B00AF875C /* App.swift in Sources */,
				AB5F2AB11E10BDC900AF875C /* ProfileViewController.swift in Sources */,
				ABD68E0C1E18450400833333 /* EventViewController.swift in Sources */,
				AB5F2AAF1E10BD1300AF875C /* UIView+Conveniences.swift in Sources */,
				AB6148651E27036A002C7008 /* QRGenerator.swift in Sources */,
				AB5F2AAD1E10B92F00AF875C /* UIColor+AppColors.swift in Sources */,
				AB5F2ABF1E15ACC300AF875C /* ScanViewController.swift in Sources */,
				AB5F2AB71E14749E00AF875C /* EventCell.swift in Sources */,
				AB0AAD841E25809300ECBEC2 /* LoginViewController.swift in Sources */,
				AB5F2A6F1E0D7B3000AF875C /* AppDelegate.swift in Sources */,
				AB5F2A981E0D89E000AF875C /* Announcement.swift in Sources */,
				AB5F2ABD1E147EFD00AF875C /* CountdownView.swift in Sources */,
				AB0AAD7E1E1C144700ECBEC2 /* Sponsor.swift in Sources */,
				AB5F2AA31E106E6300AF875C /* Firebase.swift in Sources */,
				ABD68E0A1E1738FB00833333 /* Builders.swift in Sources */,
				AB5F2AA11E102BAE00AF875C /* UIViewController+Conveniences.swift in Sources */,
				AB5F2A951E0D888E00AF875C /* CellDescriptor.swift in Sources */,
				AB0AAD7A1E1C114200ECBEC2 /* SponsorCell.swift in Sources */,
				AB5F2AB51E14731E00AF875C /* Event.swift in Sources */,
				AB5F2AAA1E10A56300AF875C /* CircularProgressView.swift in Sources */,
			);
			runOnlyForDeploymentPostprocessing = 0;
		};
		AB5F2A7B1E0D7B3100AF875C /* Sources */ = {
			isa = PBXSourcesBuildPhase;
			buildActionMask = 2147483647;
			files = (
				AB5F2A841E0D7B3100AF875C /* SwamphacksTests.swift in Sources */,
			);
			runOnlyForDeploymentPostprocessing = 0;
		};
/* End PBXSourcesBuildPhase section */

/* Begin PBXTargetDependency section */
		AB5F2A811E0D7B3100AF875C /* PBXTargetDependency */ = {
			isa = PBXTargetDependency;
			target = AB5F2A6A1E0D7B3000AF875C /* Swamphacks */;
			targetProxy = AB5F2A801E0D7B3100AF875C /* PBXContainerItemProxy */;
		};
/* End PBXTargetDependency section */

/* Begin PBXVariantGroup section */
		AB5F2A771E0D7B3000AF875C /* LaunchScreen.storyboard */ = {
			isa = PBXVariantGroup;
			children = (
				AB5F2A781E0D7B3000AF875C /* Base */,
			);
			name = LaunchScreen.storyboard;
			sourceTree = "<group>";
		};
/* End PBXVariantGroup section */

/* Begin XCBuildConfiguration section */
		AB5F2A861E0D7B3100AF875C /* Debug */ = {
			isa = XCBuildConfiguration;
			buildSettings = {
				ALWAYS_SEARCH_USER_PATHS = NO;
				CLANG_ANALYZER_NONNULL = YES;
				CLANG_CXX_LANGUAGE_STANDARD = "gnu++0x";
				CLANG_CXX_LIBRARY = "libc++";
				CLANG_ENABLE_MODULES = YES;
				CLANG_ENABLE_OBJC_ARC = YES;
				CLANG_WARN_BOOL_CONVERSION = YES;
				CLANG_WARN_CONSTANT_CONVERSION = YES;
				CLANG_WARN_DIRECT_OBJC_ISA_USAGE = YES_ERROR;
				CLANG_WARN_DOCUMENTATION_COMMENTS = YES;
				CLANG_WARN_EMPTY_BODY = YES;
				CLANG_WARN_ENUM_CONVERSION = YES;
				CLANG_WARN_INFINITE_RECURSION = YES;
				CLANG_WARN_INT_CONVERSION = YES;
				CLANG_WARN_OBJC_ROOT_CLASS = YES_ERROR;
				CLANG_WARN_SUSPICIOUS_MOVE = YES;
				CLANG_WARN_SUSPICIOUS_MOVES = YES;
				CLANG_WARN_UNREACHABLE_CODE = YES;
				CLANG_WARN__DUPLICATE_METHOD_MATCH = YES;
				"CODE_SIGN_IDENTITY[sdk=iphoneos*]" = "iPhone Developer";
				COPY_PHASE_STRIP = NO;
				DEBUG_INFORMATION_FORMAT = dwarf;
				ENABLE_STRICT_OBJC_MSGSEND = YES;
				ENABLE_TESTABILITY = YES;
				GCC_C_LANGUAGE_STANDARD = gnu99;
				GCC_DYNAMIC_NO_PIC = NO;
				GCC_NO_COMMON_BLOCKS = YES;
				GCC_OPTIMIZATION_LEVEL = 0;
				GCC_PREPROCESSOR_DEFINITIONS = (
					"DEBUG=1",
					"$(inherited)",
				);
				GCC_WARN_64_TO_32_BIT_CONVERSION = YES;
				GCC_WARN_ABOUT_RETURN_TYPE = YES_ERROR;
				GCC_WARN_UNDECLARED_SELECTOR = YES;
				GCC_WARN_UNINITIALIZED_AUTOS = YES_AGGRESSIVE;
				GCC_WARN_UNUSED_FUNCTION = YES;
				GCC_WARN_UNUSED_VARIABLE = YES;
				IPHONEOS_DEPLOYMENT_TARGET = 10.0;
				MTL_ENABLE_DEBUG_INFO = YES;
				ONLY_ACTIVE_ARCH = YES;
				SDKROOT = iphoneos;
				SWIFT_ACTIVE_COMPILATION_CONDITIONS = DEBUG;
				SWIFT_OPTIMIZATION_LEVEL = "-Onone";
				TARGETED_DEVICE_FAMILY = "1,2";
			};
			name = Debug;
		};
		AB5F2A871E0D7B3100AF875C /* Release */ = {
			isa = XCBuildConfiguration;
			buildSettings = {
				ALWAYS_SEARCH_USER_PATHS = NO;
				CLANG_ANALYZER_NONNULL = YES;
				CLANG_CXX_LANGUAGE_STANDARD = "gnu++0x";
				CLANG_CXX_LIBRARY = "libc++";
				CLANG_ENABLE_MODULES = YES;
				CLANG_ENABLE_OBJC_ARC = YES;
				CLANG_WARN_BOOL_CONVERSION = YES;
				CLANG_WARN_CONSTANT_CONVERSION = YES;
				CLANG_WARN_DIRECT_OBJC_ISA_USAGE = YES_ERROR;
				CLANG_WARN_DOCUMENTATION_COMMENTS = YES;
				CLANG_WARN_EMPTY_BODY = YES;
				CLANG_WARN_ENUM_CONVERSION = YES;
				CLANG_WARN_INFINITE_RECURSION = YES;
				CLANG_WARN_INT_CONVERSION = YES;
				CLANG_WARN_OBJC_ROOT_CLASS = YES_ERROR;
				CLANG_WARN_SUSPICIOUS_MOVE = YES;
				CLANG_WARN_SUSPICIOUS_MOVES = YES;
				CLANG_WARN_UNREACHABLE_CODE = YES;
				CLANG_WARN__DUPLICATE_METHOD_MATCH = YES;
				"CODE_SIGN_IDENTITY[sdk=iphoneos*]" = "iPhone Developer";
				COPY_PHASE_STRIP = NO;
				DEBUG_INFORMATION_FORMAT = "dwarf-with-dsym";
				ENABLE_NS_ASSERTIONS = NO;
				ENABLE_STRICT_OBJC_MSGSEND = YES;
				GCC_C_LANGUAGE_STANDARD = gnu99;
				GCC_NO_COMMON_BLOCKS = YES;
				GCC_WARN_64_TO_32_BIT_CONVERSION = YES;
				GCC_WARN_ABOUT_RETURN_TYPE = YES_ERROR;
				GCC_WARN_UNDECLARED_SELECTOR = YES;
				GCC_WARN_UNINITIALIZED_AUTOS = YES_AGGRESSIVE;
				GCC_WARN_UNUSED_FUNCTION = YES;
				GCC_WARN_UNUSED_VARIABLE = YES;
				IPHONEOS_DEPLOYMENT_TARGET = 10.0;
				MTL_ENABLE_DEBUG_INFO = NO;
				SDKROOT = iphoneos;
				SWIFT_OPTIMIZATION_LEVEL = "-Owholemodule";
				TARGETED_DEVICE_FAMILY = "1,2";
				VALIDATE_PRODUCT = YES;
			};
			name = Release;
		};
		AB5F2A891E0D7B3100AF875C /* Debug */ = {
			isa = XCBuildConfiguration;
			baseConfigurationReference = 60A965A9164B026841F52940 /* Pods-Swamphacks.debug.xcconfig */;
			buildSettings = {
				ALWAYS_EMBED_SWIFT_STANDARD_LIBRARIES = YES;
				ASSETCATALOG_COMPILER_APPICON_NAME = AppIcon;
				DEVELOPMENT_TEAM = BG3Y5KSHNC;
				INFOPLIST_FILE = Swamphacks/Info.plist;
				LD_RUNPATH_SEARCH_PATHS = "$(inherited) @executable_path/Frameworks";
				PRODUCT_BUNDLE_IDENTIFIER = com.swamphacks.SwampHacks;
				PRODUCT_NAME = "$(TARGET_NAME)";
				SWIFT_VERSION = 3.0;
			};
			name = Debug;
		};
		AB5F2A8A1E0D7B3100AF875C /* Release */ = {
			isa = XCBuildConfiguration;
			baseConfigurationReference = 6D245F24CA276536977095C0 /* Pods-Swamphacks.release.xcconfig */;
			buildSettings = {
				ALWAYS_EMBED_SWIFT_STANDARD_LIBRARIES = YES;
				ASSETCATALOG_COMPILER_APPICON_NAME = AppIcon;
				DEVELOPMENT_TEAM = BG3Y5KSHNC;
				INFOPLIST_FILE = Swamphacks/Info.plist;
				LD_RUNPATH_SEARCH_PATHS = "$(inherited) @executable_path/Frameworks";
				PRODUCT_BUNDLE_IDENTIFIER = com.swamphacks.SwampHacks;
				PRODUCT_NAME = "$(TARGET_NAME)";
				SWIFT_VERSION = 3.0;
			};
			name = Release;
		};
		AB5F2A8C1E0D7B3100AF875C /* Debug */ = {
			isa = XCBuildConfiguration;
			baseConfigurationReference = 35D70BA879A2D402F0976A57 /* Pods-SwamphacksTests.debug.xcconfig */;
			buildSettings = {
				ALWAYS_EMBED_SWIFT_STANDARD_LIBRARIES = "$(inherited)";
				BUNDLE_LOADER = "$(TEST_HOST)";
				DEVELOPMENT_TEAM = BG3Y5KSHNC;
				INFOPLIST_FILE = SwamphacksTests/Info.plist;
				LD_RUNPATH_SEARCH_PATHS = "$(inherited) @executable_path/Frameworks @loader_path/Frameworks";
				PRODUCT_BUNDLE_IDENTIFIER = com.ZenunSoftware.SwamphacksTests;
				PRODUCT_NAME = "$(TARGET_NAME)";
				SWIFT_VERSION = 3.0;
				TEST_HOST = "$(BUILT_PRODUCTS_DIR)/Swamphacks.app/Swamphacks";
			};
			name = Debug;
		};
		AB5F2A8D1E0D7B3100AF875C /* Release */ = {
			isa = XCBuildConfiguration;
			baseConfigurationReference = 2D60451B04BD67EA4D9CC3C0 /* Pods-SwamphacksTests.release.xcconfig */;
			buildSettings = {
				ALWAYS_EMBED_SWIFT_STANDARD_LIBRARIES = "$(inherited)";
				BUNDLE_LOADER = "$(TEST_HOST)";
				DEVELOPMENT_TEAM = BG3Y5KSHNC;
				INFOPLIST_FILE = SwamphacksTests/Info.plist;
				LD_RUNPATH_SEARCH_PATHS = "$(inherited) @executable_path/Frameworks @loader_path/Frameworks";
				PRODUCT_BUNDLE_IDENTIFIER = com.ZenunSoftware.SwamphacksTests;
				PRODUCT_NAME = "$(TARGET_NAME)";
				SWIFT_VERSION = 3.0;
				TEST_HOST = "$(BUILT_PRODUCTS_DIR)/Swamphacks.app/Swamphacks";
			};
			name = Release;
		};
/* End XCBuildConfiguration section */

/* Begin XCConfigurationList section */
		AB5F2A661E0D7B3000AF875C /* Build configuration list for PBXProject "Swamphacks" */ = {
			isa = XCConfigurationList;
			buildConfigurations = (
				AB5F2A861E0D7B3100AF875C /* Debug */,
				AB5F2A871E0D7B3100AF875C /* Release */,
			);
			defaultConfigurationIsVisible = 0;
			defaultConfigurationName = Release;
		};
		AB5F2A881E0D7B3100AF875C /* Build configuration list for PBXNativeTarget "Swamphacks" */ = {
			isa = XCConfigurationList;
			buildConfigurations = (
				AB5F2A891E0D7B3100AF875C /* Debug */,
				AB5F2A8A1E0D7B3100AF875C /* Release */,
			);
			defaultConfigurationIsVisible = 0;
			defaultConfigurationName = Release;
		};
		AB5F2A8B1E0D7B3100AF875C /* Build configuration list for PBXNativeTarget "SwamphacksTests" */ = {
			isa = XCConfigurationList;
			buildConfigurations = (
				AB5F2A8C1E0D7B3100AF875C /* Debug */,
				AB5F2A8D1E0D7B3100AF875C /* Release */,
			);
			defaultConfigurationIsVisible = 0;
			defaultConfigurationName = Release;
		};
/* End XCConfigurationList section */
	};
	rootObject = AB5F2A631E0D7B3000AF875C /* Project object */;
}
